
Microsoft Visual Studio Solution File, Format Version 12.00
# Visual Studio Version 17
VisualStudioVersion = 17.4.33403.182
MinimumVisualStudioVersion = 10.0.40219.1
Project("{FAE04EC0-301F-11D3-BF4B-00C04F79EFBC}") = "Geodesic3D", "Geodesic3D.csproj", "{2536D019-A116-4019-AB00-670A05E3F811}"
EndProject
Global
	GlobalSection(SolutionConfigurationPlatforms) = preSolution
		Debug|Any CPU = Debug|Any CPU
		Release|Any CPU = Release|Any CPU
	EndGlobalSection
	GlobalSection(ProjectConfigurationPlatforms) = postSolution
		{2536D019-A116-4019-AB00-670A05E3F811}.Debug|Any CPU.ActiveCfg = Debug|Any CPU
		{2536D019-A116-4019-AB00-670A05E3F811}.Debug|Any CPU.Build.0 = Debug|Any CPU
		{2536D019-A116-4019-AB00-670A05E3F811}.Release|Any CPU.ActiveCfg = Release|Any CPU
		{2536D019-A116-4019-AB00-670A05E3F811}.Release|Any CPU.Build.0 = Release|Any CPU
	EndGlobalSection
	GlobalSection(SolutionProperties) = preSolution
		HideSolutionNode = FALSE
	EndGlobalSection
	GlobalSection(ExtensibilityGlobals) = postSolution
		SolutionGuid = {CD1264E0-0F85-4C78-AFF3-BDE202298D8F}
	EndGlobalSection
EndGlobal
